
Microsoft Visual Studio Solution File, Format Version 12.00
# Visual Studio Version 17
VisualStudioVersion = 17.10.35013.160
MinimumVisualStudioVersion = 10.0.40219.1
Project("{9A19103F-16F7-4668-BE54-9A1E7A4F7556}") = "ConfigDemo", "src\Console\ConfigDemo.csproj", "{B4D2E32A-5CB2-4459-BB06-26E8BB2D217F}"
EndProject
Project("{9A19103F-16F7-4668-BE54-9A1E7A4F7556}") = "MagicSource", "src\MagicSource\MagicSource.csproj", "{DFBC1E68-83BE-4207-A62D-16278C9DF5D8}"
EndProject
Project("{9A19103F-16F7-4668-BE54-9A1E7A4F7556}") = "Abstractions", "Abstractions\Abstractions.csproj", "{77DA54AC-ABBA-4B8E-A9CA-7E6109E7C9EE}"
EndProject
Global
	GlobalSection(SolutionConfigurationPlatforms) = preSolution
		Debug|Any CPU = Debug|Any CPU
		Release|Any CPU = Release|Any CPU
	EndGlobalSection
	GlobalSection(ProjectConfigurationPlatforms) = postSolution
		{B4D2E32A-5CB2-4459-BB06-26E8BB2D217F}.Debug|Any CPU.ActiveCfg = Debug|Any CPU
		{B4D2E32A-5CB2-4459-BB06-26E8BB2D217F}.Debug|Any CPU.Build.0 = Debug|Any CPU
		{B4D2E32A-5CB2-4459-BB06-26E8BB2D217F}.Release|Any CPU.ActiveCfg = Release|Any CPU
		{B4D2E32A-5CB2-4459-BB06-26E8BB2D217F}.Release|Any CPU.Build.0 = Release|Any CPU
		{DFBC1E68-83BE-4207-A62D-16278C9DF5D8}.Debug|Any CPU.ActiveCfg = Debug|Any CPU
		{DFBC1E68-83BE-4207-A62D-16278C9DF5D8}.Debug|Any CPU.Build.0 = Debug|Any CPU
		{DFBC1E68-83BE-4207-A62D-16278C9DF5D8}.Release|Any CPU.ActiveCfg = Release|Any CPU
		{DFBC1E68-83BE-4207-A62D-16278C9DF5D8}.Release|Any CPU.Build.0 = Release|Any CPU
		{77DA54AC-ABBA-4B8E-A9CA-7E6109E7C9EE}.Debug|Any CPU.ActiveCfg = Debug|Any CPU
		{77DA54AC-ABBA-4B8E-A9CA-7E6109E7C9EE}.Debug|Any CPU.Build.0 = Debug|Any CPU
		{77DA54AC-ABBA-4B8E-A9CA-7E6109E7C9EE}.Release|Any CPU.ActiveCfg = Release|Any CPU
		{77DA54AC-ABBA-4B8E-A9CA-7E6109E7C9EE}.Release|Any CPU.Build.0 = Release|Any CPU
	EndGlobalSection
	GlobalSection(SolutionProperties) = preSolution
		HideSolutionNode = FALSE
	EndGlobalSection
	GlobalSection(ExtensibilityGlobals) = postSolution
		SolutionGuid = {180ED648-C50E-4809-B16D-957FBCF981F3}
	EndGlobalSection
EndGlobal
